// !$*UTF8*$!
{
	archiveVersion = 1;
	classes = {
	};
	objectVersion = 56;
	objects = {

/* Begin PBXBuildFile section */
		1F67CA28292324DC00B383E7 /* ClockApp.swift in Sources */ = {isa = PBXBuildFile; fileRef = 1F67CA27292324DC00B383E7 /* ClockApp.swift */; };
		1F67CA2C292324DD00B383E7 /* Assets.xcassets in Resources */ = {isa = PBXBuildFile; fileRef = 1F67CA2B292324DD00B383E7 /* Assets.xcassets */; };
		1F67CA2F292324DD00B383E7 /* Preview Assets.xcassets in Resources */ = {isa = PBXBuildFile; fileRef = 1F67CA2E292324DD00B383E7 /* Preview Assets.xcassets */; };
		1F67CA392923251700B383E7 /* ClockView.swift in Sources */ = {isa = PBXBuildFile; fileRef = 1F67CA382923251700B383E7 /* ClockView.swift */; };
		1F67CA3C292326F700B383E7 /* MinuteMarker.swift in Sources */ = {isa = PBXBuildFile; fileRef = 1F67CA3B292326F700B383E7 /* MinuteMarker.swift */; };
		1F67CA3E2923274500B383E7 /* HourMarker.swift in Sources */ = {isa = PBXBuildFile; fileRef = 1F67CA3D2923274500B383E7 /* HourMarker.swift */; };
		1F67CA40292327AB00B383E7 /* SecondPointer.swift in Sources */ = {isa = PBXBuildFile; fileRef = 1F67CA3F292327AB00B383E7 /* SecondPointer.swift */; };
		1F67CA42292327C300B383E7 /* MinutePointer.swift in Sources */ = {isa = PBXBuildFile; fileRef = 1F67CA41292327C300B383E7 /* MinutePointer.swift */; };
		1F67CA442923280300B383E7 /* HourPointer.swift in Sources */ = {isa = PBXBuildFile; fileRef = 1F67CA432923280300B383E7 /* HourPointer.swift */; };
		1F67CA462923289100B383E7 /* CenterCircle.swift in Sources */ = {isa = PBXBuildFile; fileRef = 1F67CA452923289100B383E7 /* CenterCircle.swift */; };
		1F67CA4929232D7900B383E7 /* TimerView.swift in Sources */ = {isa = PBXBuildFile; fileRef = 1F67CA4829232D7900B383E7 /* TimerView.swift */; };
		1F67CA4B29232DE400B383E7 /* StopwatchView.swift in Sources */ = {isa = PBXBuildFile; fileRef = 1F67CA4A29232DE400B383E7 /* StopwatchView.swift */; };
/* End PBXBuildFile section */

/* Begin PBXFileReference section */
		1F67CA24292324DC00B383E7 /* Clock.app */ = {isa = PBXFileReference; explicitFileType = wrapper.application; includeInIndex = 0; path = Clock.app; sourceTree = BUILT_PRODUCTS_DIR; };
		1F67CA27292324DC00B383E7 /* ClockApp.swift */ = {isa = PBXFileReference; lastKnownFileType = sourcecode.swift; path = ClockApp.swift; sourceTree = "<group>"; };
		1F67CA2B292324DD00B383E7 /* Assets.xcassets */ = {isa = PBXFileReference; lastKnownFileType = folder.assetcatalog; path = Assets.xcassets; sourceTree = "<group>"; };
		1F67CA2E292324DD00B383E7 /* Preview Assets.xcassets */ = {isa = PBXFileReference; lastKnownFileType = folder.assetcatalog; path = "Preview Assets.xcassets"; sourceTree = "<group>"; };
		1F67CA382923251700B383E7 /* ClockView.swift */ = {isa = PBXFileReference; lastKnownFileType = sourcecode.swift; path = ClockView.swift; sourceTree = "<group>"; };
		1F67CA3B292326F700B383E7 /* MinuteMarker.swift */ = {isa = PBXFileReference; lastKnownFileType = sourcecode.swift; path = MinuteMarker.swift; sourceTree = "<group>"; };
		1F67CA3D2923274500B383E7 /* HourMarker.swift */ = {isa = PBXFileReference; lastKnownFileType = sourcecode.swift; path = HourMarker.swift; sourceTree = "<group>"; };
		1F67CA3F292327AB00B383E7 /* SecondPointer.swift */ = {isa = PBXFileReference; lastKnownFileType = sourcecode.swift; path = SecondPointer.swift; sourceTree = "<group>"; };
		1F67CA41292327C300B383E7 /* MinutePointer.swift */ = {isa = PBXFileReference; lastKnownFileType = sourcecode.swift; path = MinutePointer.swift; sourceTree = "<group>"; };
		1F67CA432923280300B383E7 /* HourPointer.swift */ = {isa = PBXFileReference; lastKnownFileType = sourcecode.swift; path = HourPointer.swift; sourceTree = "<group>"; };
		1F67CA452923289100B383E7 /* CenterCircle.swift */ = {isa = PBXFileReference; lastKnownFileType = sourcecode.swift; path = CenterCircle.swift; sourceTree = "<group>"; };
		1F67CA4829232D7900B383E7 /* TimerView.swift */ = {isa = PBXFileReference; lastKnownFileType = sourcecode.swift; path = TimerView.swift; sourceTree = "<group>"; };
		1F67CA4A29232DE400B383E7 /* StopwatchView.swift */ = {isa = PBXFileReference; lastKnownFileType = sourcecode.swift; path = StopwatchView.swift; sourceTree = "<group>"; };
/* End PBXFileReference section */

/* Begin PBXFrameworksBuildPhase section */
		1F67CA21292324DC00B383E7 /* Frameworks */ = {
			isa = PBXFrameworksBuildPhase;
			buildActionMask = 2147483647;
			files = (
			);
			runOnlyForDeploymentPostprocessing = 0;
		};
/* End PBXFrameworksBuildPhase section */

/* Begin PBXGroup section */
		1F67CA1B292324DC00B383E7 = {
			isa = PBXGroup;
			children = (
				1F67CA26292324DC00B383E7 /* Clock */,
				1F67CA25292324DC00B383E7 /* Products */,
			);
			sourceTree = "<group>";
		};
		1F67CA25292324DC00B383E7 /* Products */ = {
			isa = PBXGroup;
			children = (
				1F67CA24292324DC00B383E7 /* Clock.app */,
			);
			name = Products;
			sourceTree = "<group>";
		};
		1F67CA26292324DC00B383E7 /* Clock */ = {
			isa = PBXGroup;
			children = (
				1F67CA35292324E800B383E7 /* View */,
				1F67CA27292324DC00B383E7 /* ClockApp.swift */,
				1F67CA2B292324DD00B383E7 /* Assets.xcassets */,
				1F67CA2D292324DD00B383E7 /* Preview Content */,
			);
			path = Clock;
			sourceTree = "<group>";
		};
		1F67CA2D292324DD00B383E7 /* Preview Content */ = {
			isa = PBXGroup;
			children = (
				1F67CA2E292324DD00B383E7 /* Preview Assets.xcassets */,
			);
			path = "Preview Content";
			sourceTree = "<group>";
		};
		1F67CA35292324E800B383E7 /* View */ = {
			isa = PBXGroup;
			children = (
				1F67CA4729232D4A00B383E7 /* Main */,
				1F67CA3A292326E300B383E7 /* Component */,
			);
			path = View;
			sourceTree = "<group>";
		};
		1F67CA3A292326E300B383E7 /* Component */ = {
			isa = PBXGroup;
			children = (
				1F67CA3B292326F700B383E7 /* MinuteMarker.swift */,
				1F67CA3D2923274500B383E7 /* HourMarker.swift */,
				1F67CA3F292327AB00B383E7 /* SecondPointer.swift */,
				1F67CA41292327C300B383E7 /* MinutePointer.swift */,
				1F67CA452923289100B383E7 /* CenterCircle.swift */,
				1F67CA432923280300B383E7 /* HourPointer.swift */,
			);
			path = Component;
			sourceTree = "<group>";
		};
		1F67CA4729232D4A00B383E7 /* Main */ = {
			isa = PBXGroup;
			children = (
				1F67CA382923251700B383E7 /* ClockView.swift */,
				1F67CA4829232D7900B383E7 /* TimerView.swift */,
				1F67CA4A29232DE400B383E7 /* StopwatchView.swift */,
			);
			path = Main;
			sourceTree = "<group>";
		};
/* End PBXGroup section */

/* Begin PBXNativeTarget section */
		1F67CA23292324DC00B383E7 /* Clock */ = {
			isa = PBXNativeTarget;
			buildConfigurationList = 1F67CA32292324DD00B383E7 /* Build configuration list for PBXNativeTarget "Clock" */;
			buildPhases = (
				1F67CA20292324DC00B383E7 /* Sources */,
				1F67CA21292324DC00B383E7 /* Frameworks */,
				1F67CA22292324DC00B383E7 /* Resources */,
			);
			buildRules = (
			);
			dependencies = (
			);
			name = Clock;
			productName = Clock;
			productReference = 1F67CA24292324DC00B383E7 /* Clock.app */;
			productType = "com.apple.product-type.application";
		};
/* End PBXNativeTarget section */

/* Begin PBXProject section */
		1F67CA1C292324DC00B383E7 /* Project object */ = {
			isa = PBXProject;
			attributes = {
				BuildIndependentTargetsInParallel = 1;
				LastSwiftUpdateCheck = 1410;
				LastUpgradeCheck = 1410;
				TargetAttributes = {
					1F67CA23292324DC00B383E7 = {
						CreatedOnToolsVersion = 14.1;
					};
				};
			};
			buildConfigurationList = 1F67CA1F292324DC00B383E7 /* Build configuration list for PBXProject "Clock" */;
			compatibilityVersion = "Xcode 14.0";
			developmentRegion = en;
			hasScannedForEncodings = 0;
			knownRegions = (
				en,
				Base,
			);
			mainGroup = 1F67CA1B292324DC00B383E7;
			productRefGroup = 1F67CA25292324DC00B383E7 /* Products */;
			projectDirPath = "";
			projectRoot = "";
			targets = (
				1F67CA23292324DC00B383E7 /* Clock */,
			);
		};
/* End PBXProject section */

/* Begin PBXResourcesBuildPhase section */
		1F67CA22292324DC00B383E7 /* Resources */ = {
			isa = PBXResourcesBuildPhase;
			buildActionMask = 2147483647;
			files = (
				1F67CA2F292324DD00B383E7 /* Preview Assets.xcassets in Resources */,
				1F67CA2C292324DD00B383E7 /* Assets.xcassets in Resources */,
			);
			runOnlyForDeploymentPostprocessing = 0;
		};
/* End PBXResourcesBuildPhase section */

/* Begin PBXSourcesBuildPhase section */
		1F67CA20292324DC00B383E7 /* Sources */ = {
			isa = PBXSourcesBuildPhase;
			buildActionMask = 2147483647;
			files = (
				1F67CA4929232D7900B383E7 /* TimerView.swift in Sources */,
				1F67CA40292327AB00B383E7 /* SecondPointer.swift in Sources */,
				1F67CA3C292326F700B383E7 /* MinuteMarker.swift in Sources */,
				1F67CA442923280300B383E7 /* HourPointer.swift in Sources */,
				1F67CA3E2923274500B383E7 /* HourMarker.swift in Sources */,
				1F67CA462923289100B383E7 /* CenterCircle.swift in Sources */,
				1F67CA392923251700B383E7 /* ClockView.swift in Sources */,
				1F67CA42292327C300B383E7 /* MinutePointer.swift in Sources */,
				1F67CA4B29232DE400B383E7 /* StopwatchView.swift in Sources */,
				1F67CA28292324DC00B383E7 /* ClockApp.swift in Sources */,
			);
			runOnlyForDeploymentPostprocessing = 0;
		};
/* End PBXSourcesBuildPhase section */

/* Begin XCBuildConfiguration section */
		1F67CA30292324DD00B383E7 /* Debug */ = {
			isa = XCBuildConfiguration;
			buildSettings = {
				ALWAYS_SEARCH_USER_PATHS = NO;
				CLANG_ANALYZER_NONNULL = YES;
				CLANG_ANALYZER_NUMBER_OBJECT_CONVERSION = YES_AGGRESSIVE;
				CLANG_CXX_LANGUAGE_STANDARD = "gnu++20";
				CLANG_ENABLE_MODULES = YES;
				CLANG_ENABLE_OBJC_ARC = YES;
				CLANG_ENABLE_OBJC_WEAK = YES;
				CLANG_WARN_BLOCK_CAPTURE_AUTORELEASING = YES;
				CLANG_WARN_BOOL_CONVERSION = YES;
				CLANG_WARN_COMMA = YES;
				CLANG_WARN_CONSTANT_CONVERSION = YES;
				CLANG_WARN_DEPRECATED_OBJC_IMPLEMENTATIONS = YES;
				CLANG_WARN_DIRECT_OBJC_ISA_USAGE = YES_ERROR;
				CLANG_WARN_DOCUMENTATION_COMMENTS = YES;
				CLANG_WARN_EMPTY_BODY = YES;
				CLANG_WARN_ENUM_CONVERSION = YES;
				CLANG_WARN_INFINITE_RECURSION = YES;
				CLANG_WARN_INT_CONVERSION = YES;
				CLANG_WARN_NON_LITERAL_NULL_CONVERSION = YES;
				CLANG_WARN_OBJC_IMPLICIT_RETAIN_SELF = YES;
				CLANG_WARN_OBJC_LITERAL_CONVERSION = YES;
				CLANG_WARN_OBJC_ROOT_CLASS = YES_ERROR;
				CLANG_WARN_QUOTED_INCLUDE_IN_FRAMEWORK_HEADER = YES;
				CLANG_WARN_RANGE_LOOP_ANALYSIS = YES;
				CLANG_WARN_STRICT_PROTOTYPES = YES;
				CLANG_WARN_SUSPICIOUS_MOVE = YES;
				CLANG_WARN_UNGUARDED_AVAILABILITY = YES_AGGRESSIVE;
				CLANG_WARN_UNREACHABLE_CODE = YES;
				CLANG_WARN__DUPLICATE_METHOD_MATCH = YES;
				COPY_PHASE_STRIP = NO;
				DEBUG_INFORMATION_FORMAT = dwarf;
				ENABLE_STRICT_OBJC_MSGSEND = YES;
				ENABLE_TESTABILITY = YES;
				GCC_C_LANGUAGE_STANDARD = gnu11;
				GCC_DYNAMIC_NO_PIC = NO;
				GCC_NO_COMMON_BLOCKS = YES;
				GCC_OPTIMIZATION_LEVEL = 0;
				GCC_PREPROCESSOR_DEFINITIONS = (
					"DEBUG=1",
					"$(inherited)",
				);
				GCC_WARN_64_TO_32_BIT_CONVERSION = YES;
				GCC_WARN_ABOUT_RETURN_TYPE = YES_ERROR;
				GCC_WARN_UNDECLARED_SELECTOR = YES;
				GCC_WARN_UNINITIALIZED_AUTOS = YES_AGGRESSIVE;
				GCC_WARN_UNUSED_FUNCTION = YES;
				GCC_WARN_UNUSED_VARIABLE = YES;
				IPHONEOS_DEPLOYMENT_TARGET = 16.1;
				MTL_ENABLE_DEBUG_INFO = INCLUDE_SOURCE;
				MTL_FAST_MATH = YES;
				ONLY_ACTIVE_ARCH = YES;
				SDKROOT = iphoneos;
				SWIFT_ACTIVE_COMPILATION_CONDITIONS = DEBUG;
				SWIFT_OPTIMIZATION_LEVEL = "-Onone";
			};
			name = Debug;
		};
		1F67CA31292324DD00B383E7 /* Release */ = {
			isa = XCBuildConfiguration;
			buildSettings = {
				ALWAYS_SEARCH_USER_PATHS = NO;
				CLANG_ANALYZER_NONNULL = YES;
				CLANG_ANALYZER_NUMBER_OBJECT_CONVERSION = YES_AGGRESSIVE;
				CLANG_CXX_LANGUAGE_STANDARD = "gnu++20";
				CLANG_ENABLE_MODULES = YES;
				CLANG_ENABLE_OBJC_ARC = YES;
				CLANG_ENABLE_OBJC_WEAK = YES;
				CLANG_WARN_BLOCK_CAPTURE_AUTORELEASING = YES;
				CLANG_WARN_BOOL_CONVERSION = YES;
				CLANG_WARN_COMMA = YES;
				CLANG_WARN_CONSTANT_CONVERSION = YES;
				CLANG_WARN_DEPRECATED_OBJC_IMPLEMENTATIONS = YES;
				CLANG_WARN_DIRECT_OBJC_ISA_USAGE = YES_ERROR;
				CLANG_WARN_DOCUMENTATION_COMMENTS = YES;
				CLANG_WARN_EMPTY_BODY = YES;
				CLANG_WARN_ENUM_CONVERSION = YES;
				CLANG_WARN_INFINITE_RECURSION = YES;
				CLANG_WARN_INT_CONVERSION = YES;
				CLANG_WARN_NON_LITERAL_NULL_CONVERSION = YES;
				CLANG_WARN_OBJC_IMPLICIT_RETAIN_SELF = YES;
				CLANG_WARN_OBJC_LITERAL_CONVERSION = YES;
				CLANG_WARN_OBJC_ROOT_CLASS = YES_ERROR;
				CLANG_WARN_QUOTED_INCLUDE_IN_FRAMEWORK_HEADER = YES;
				CLANG_WARN_RANGE_LOOP_ANALYSIS = YES;
				CLANG_WARN_STRICT_PROTOTYPES = YES;
				CLANG_WARN_SUSPICIOUS_MOVE = YES;
				CLANG_WARN_UNGUARDED_AVAILABILITY = YES_AGGRESSIVE;
				CLANG_WARN_UNREACHABLE_CODE = YES;
				CLANG_WARN__DUPLICATE_METHOD_MATCH = YES;
				COPY_PHASE_STRIP = NO;
				DEBUG_INFORMATION_FORMAT = "dwarf-with-dsym";
				ENABLE_NS_ASSERTIONS = NO;
				ENABLE_STRICT_OBJC_MSGSEND = YES;
				GCC_C_LANGUAGE_STANDARD = gnu11;
				GCC_NO_COMMON_BLOCKS = YES;
				GCC_WARN_64_TO_32_BIT_CONVERSION = YES;
				GCC_WARN_ABOUT_RETURN_TYPE = YES_ERROR;
				GCC_WARN_UNDECLARED_SELECTOR = YES;
				GCC_WARN_UNINITIALIZED_AUTOS = YES_AGGRESSIVE;
				GCC_WARN_UNUSED_FUNCTION = YES;
				GCC_WARN_UNUSED_VARIABLE = YES;
				IPHONEOS_DEPLOYMENT_TARGET = 16.1;
				MTL_ENABLE_DEBUG_INFO = NO;
				MTL_FAST_MATH = YES;
				SDKROOT = iphoneos;
				SWIFT_COMPILATION_MODE = wholemodule;
				SWIFT_OPTIMIZATION_LEVEL = "-O";
				VALIDATE_PRODUCT = YES;
			};
			name = Release;
		};
		1F67CA33292324DD00B383E7 /* Debug */ = {
			isa = XCBuildConfiguration;
			buildSettings = {
				ASSETCATALOG_COMPILER_APPICON_NAME = AppIcon;
				ASSETCATALOG_COMPILER_GLOBAL_ACCENT_COLOR_NAME = AccentColor;
				CODE_SIGN_STYLE = Automatic;
				CURRENT_PROJECT_VERSION = 1;
				DEVELOPMENT_ASSET_PATHS = "\"Clock/Preview Content\"";
				ENABLE_PREVIEWS = YES;
				GENERATE_INFOPLIST_FILE = YES;
				INFOPLIST_KEY_UIApplicationSceneManifest_Generation = YES;
				INFOPLIST_KEY_UIApplicationSupportsIndirectInputEvents = YES;
				INFOPLIST_KEY_UILaunchScreen_Generation = YES;
				INFOPLIST_KEY_UISupportedInterfaceOrientations_iPad = "UIInterfaceOrientationPortrait UIInterfaceOrientationPortraitUpsideDown UIInterfaceOrientationLandscapeLeft UIInterfaceOrientationLandscapeRight";
				INFOPLIST_KEY_UISupportedInterfaceOrientations_iPhone = "UIInterfaceOrientationPortrait UIInterfaceOrientationLandscapeLeft UIInterfaceOrientationLandscapeRight";
				LD_RUNPATH_SEARCH_PATHS = (
					"$(inherited)",
					"@executable_path/Frameworks",
				);
				MARKETING_VERSION = 1.0;
				PRODUCT_BUNDLE_IDENTIFIER = SelfHalgan.Clock;
				PRODUCT_NAME = "$(TARGET_NAME)";
				SWIFT_EMIT_LOC_STRINGS = YES;
				SWIFT_VERSION = 5.0;
				TARGETED_DEVICE_FAMILY = "1,2";
			};
			name = Debug;
		};
		1F67CA34292324DD00B383E7 /* Release */ = {
			isa = XCBuildConfiguration;
			buildSettings = {
				ASSETCATALOG_COMPILER_APPICON_NAME = AppIcon;
				ASSETCATALOG_COMPILER_GLOBAL_ACCENT_COLOR_NAME = AccentColor;
				CODE_SIGN_STYLE = Automatic;
				CURRENT_PROJECT_VERSION = 1;
				DEVELOPMENT_ASSET_PATHS = "\"Clock/Preview Content\"";
				ENABLE_PREVIEWS = YES;
				GENERATE_INFOPLIST_FILE = YES;
				INFOPLIST_KEY_UIApplicationSceneManifest_Generation = YES;
				INFOPLIST_KEY_UIApplicationSupportsIndirectInputEvents = YES;
				INFOPLIST_KEY_UILaunchScreen_Generation = YES;
				INFOPLIST_KEY_UISupportedInterfaceOrientations_iPad = "UIInterfaceOrientationPortrait UIInterfaceOrientationPortraitUpsideDown UIInterfaceOrientationLandscapeLeft UIInterfaceOrientationLandscapeRight";
				INFOPLIST_KEY_UISupportedInterfaceOrientations_iPhone = "UIInterfaceOrientationPortrait UIInterfaceOrientationLandscapeLeft UIInterfaceOrientationLandscapeRight";
				LD_RUNPATH_SEARCH_PATHS = (
					"$(inherited)",
					"@executable_path/Frameworks",
				);
				MARKETING_VERSION = 1.0;
				PRODUCT_BUNDLE_IDENTIFIER = SelfHalgan.Clock;
				PRODUCT_NAME = "$(TARGET_NAME)";
				SWIFT_EMIT_LOC_STRINGS = YES;
				SWIFT_VERSION = 5.0;
				TARGETED_DEVICE_FAMILY = "1,2";
			};
			name = Release;
		};
/* End XCBuildConfiguration section */

/* Begin XCConfigurationList section */
		1F67CA1F292324DC00B383E7 /* Build configuration list for PBXProject "Clock" */ = {
			isa = XCConfigurationList;
			buildConfigurations = (
				1F67CA30292324DD00B383E7 /* Debug */,
				1F67CA31292324DD00B383E7 /* Release */,
			);
			defaultConfigurationIsVisible = 0;
			defaultConfigurationName = Release;
		};
		1F67CA32292324DD00B383E7 /* Build configuration list for PBXNativeTarget "Clock" */ = {
			isa = XCConfigurationList;
			buildConfigurations = (
				1F67CA33292324DD00B383E7 /* Debug */,
				1F67CA34292324DD00B383E7 /* Release */,
			);
			defaultConfigurationIsVisible = 0;
			defaultConfigurationName = Release;
		};
/* End XCConfigurationList section */
	};
	rootObject = 1F67CA1C292324DC00B383E7 /* Project object */;
}
